// !$*UTF8*$!
{
	archiveVersion = 1;
	classes = {
	};
	objectVersion = 56;
	objects = {

/* Begin PBXBuildFile section */
		57FA80902910C16500452F9F /* AppDelegate.swift in Sources */ = {isa = PBXBuildFile; fileRef = 57FA808F2910C16500452F9F /* AppDelegate.swift */; };
		57FA80922910C16500452F9F /* SceneDelegate.swift in Sources */ = {isa = PBXBuildFile; fileRef = 57FA80912910C16500452F9F /* SceneDelegate.swift */; };
		57FA80942910C16500452F9F /* ViewController.swift in Sources */ = {isa = PBXBuildFile; fileRef = 57FA80932910C16500452F9F /* ViewController.swift */; };
		57FA80972910C16500452F9F /* Main.storyboard in Resources */ = {isa = PBXBuildFile; fileRef = 57FA80952910C16500452F9F /* Main.storyboard */; };
		57FA80992910C16700452F9F /* Assets.xcassets in Resources */ = {isa = PBXBuildFile; fileRef = 57FA80982910C16700452F9F /* Assets.xcassets */; };
		57FA809C2910C16700452F9F /* LaunchScreen.storyboard in Resources */ = {isa = PBXBuildFile; fileRef = 57FA809A2910C16700452F9F /* LaunchScreen.storyboard */; };
		57FA80A92910C26200452F9F /* SJZColorScheme.swift in Sources */ = {isa = PBXBuildFile; fileRef = 57FA80A82910C26200452F9F /* SJZColorScheme.swift */; };
		57FA80AC2910C36600452F9F /* Define.swift in Sources */ = {isa = PBXBuildFile; fileRef = 57FA80AB2910C36600452F9F /* Define.swift */; };
		57FA80AF2910C73500452F9F /* UIControllerDefine.swift in Sources */ = {isa = PBXBuildFile; fileRef = 57FA80AE2910C73500452F9F /* UIControllerDefine.swift */; };
		57FA80B12910C77A00452F9F /* UIViewDefine.swift in Sources */ = {isa = PBXBuildFile; fileRef = 57FA80B02910C77A00452F9F /* UIViewDefine.swift */; };
		57FA80B42910C98E00452F9F /* SJZFirstLunch.swift in Sources */ = {isa = PBXBuildFile; fileRef = 57FA80B32910C98E00452F9F /* SJZFirstLunch.swift */; };
		57FA80B72910F37900452F9F /* UIFontDefine.swift in Sources */ = {isa = PBXBuildFile; fileRef = 57FA80B62910F37900452F9F /* UIFontDefine.swift */; };
		57FA80BA2910F4AD00452F9F /* SJZNavigationController.swift in Sources */ = {isa = PBXBuildFile; fileRef = 57FA80B92910F4AD00452F9F /* SJZNavigationController.swift */; };
		57FA80BC2910F70F00452F9F /* SJZBaseController.swift in Sources */ = {isa = PBXBuildFile; fileRef = 57FA80BB2910F70F00452F9F /* SJZBaseController.swift */; };
		57FA80BE2910F74D00452F9F /* SJZNavBarView.swift in Sources */ = {isa = PBXBuildFile; fileRef = 57FA80BD2910F74C00452F9F /* SJZNavBarView.swift */; };
		57FA80C12910F8BE00452F9F /* SnapKit in Frameworks */ = {isa = PBXBuildFile; productRef = 57FA80C02910F8BE00452F9F /* SnapKit */; };
		57FA80C529111C8800452F9F /* SJZTableViewDiffableDataSource.swift in Sources */ = {isa = PBXBuildFile; fileRef = 57FA80C229111C8800452F9F /* SJZTableViewDiffableDataSource.swift */; };
		57FA80C629111C8800452F9F /* SJZTableViewController.swift in Sources */ = {isa = PBXBuildFile; fileRef = 57FA80C329111C8800452F9F /* SJZTableViewController.swift */; };
		57FA80C729111C8800452F9F /* SJZCollectionController.swift in Sources */ = {isa = PBXBuildFile; fileRef = 57FA80C429111C8800452F9F /* SJZCollectionController.swift */; };
/* End PBXBuildFile section */

/* Begin PBXFileReference section */
		57FA808C2910C16500452F9F /* Demo.app */ = {isa = PBXFileReference; explicitFileType = wrapper.application; includeInIndex = 0; path = Demo.app; sourceTree = BUILT_PRODUCTS_DIR; };
		57FA808F2910C16500452F9F /* AppDelegate.swift */ = {isa = PBXFileReference; lastKnownFileType = sourcecode.swift; path = AppDelegate.swift; sourceTree = "<group>"; };
		57FA80912910C16500452F9F /* SceneDelegate.swift */ = {isa = PBXFileReference; lastKnownFileType = sourcecode.swift; path = SceneDelegate.swift; sourceTree = "<group>"; };
		57FA80932910C16500452F9F /* ViewController.swift */ = {isa = PBXFileReference; lastKnownFileType = sourcecode.swift; path = ViewController.swift; sourceTree = "<group>"; };
		57FA80962910C16500452F9F /* Base */ = {isa = PBXFileReference; lastKnownFileType = file.storyboard; name = Base; path = Base.lproj/Main.storyboard; sourceTree = "<group>"; };
		57FA80982910C16700452F9F /* Assets.xcassets */ = {isa = PBXFileReference; lastKnownFileType = folder.assetcatalog; path = Assets.xcassets; sourceTree = "<group>"; };
		57FA809B2910C16700452F9F /* Base */ = {isa = PBXFileReference; lastKnownFileType = file.storyboard; name = Base; path = Base.lproj/LaunchScreen.storyboard; sourceTree = "<group>"; };
		57FA809D2910C16700452F9F /* Info.plist */ = {isa = PBXFileReference; lastKnownFileType = text.plist.xml; path = Info.plist; sourceTree = "<group>"; };
		57FA80A82910C26200452F9F /* SJZColorScheme.swift */ = {isa = PBXFileReference; fileEncoding = 4; lastKnownFileType = sourcecode.swift; path = SJZColorScheme.swift; sourceTree = "<group>"; };
		57FA80AB2910C36600452F9F /* Define.swift */ = {isa = PBXFileReference; lastKnownFileType = sourcecode.swift; path = Define.swift; sourceTree = "<group>"; };
		57FA80AD2910C39800452F9F /* Demo.entitlements */ = {isa = PBXFileReference; lastKnownFileType = text.plist.entitlements; path = Demo.entitlements; sourceTree = "<group>"; };
		57FA80AE2910C73500452F9F /* UIControllerDefine.swift */ = {isa = PBXFileReference; lastKnownFileType = sourcecode.swift; path = UIControllerDefine.swift; sourceTree = "<group>"; };
		57FA80B02910C77A00452F9F /* UIViewDefine.swift */ = {isa = PBXFileReference; lastKnownFileType = sourcecode.swift; path = UIViewDefine.swift; sourceTree = "<group>"; };
		57FA80B32910C98E00452F9F /* SJZFirstLunch.swift */ = {isa = PBXFileReference; lastKnownFileType = sourcecode.swift; path = SJZFirstLunch.swift; sourceTree = "<group>"; };
		57FA80B62910F37900452F9F /* UIFontDefine.swift */ = {isa = PBXFileReference; lastKnownFileType = sourcecode.swift; path = UIFontDefine.swift; sourceTree = "<group>"; };
		57FA80B92910F4AD00452F9F /* SJZNavigationController.swift */ = {isa = PBXFileReference; lastKnownFileType = sourcecode.swift; path = SJZNavigationController.swift; sourceTree = "<group>"; };
		57FA80BB2910F70F00452F9F /* SJZBaseController.swift */ = {isa = PBXFileReference; lastKnownFileType = sourcecode.swift; path = SJZBaseController.swift; sourceTree = "<group>"; };
		57FA80BD2910F74C00452F9F /* SJZNavBarView.swift */ = {isa = PBXFileReference; fileEncoding = 4; lastKnownFileType = sourcecode.swift; path = SJZNavBarView.swift; sourceTree = "<group>"; };
		57FA80C229111C8800452F9F /* SJZTableViewDiffableDataSource.swift */ = {isa = PBXFileReference; fileEncoding = 4; lastKnownFileType = sourcecode.swift; path = SJZTableViewDiffableDataSource.swift; sourceTree = "<group>"; };
		57FA80C329111C8800452F9F /* SJZTableViewController.swift */ = {isa = PBXFileReference; fileEncoding = 4; lastKnownFileType = sourcecode.swift; path = SJZTableViewController.swift; sourceTree = "<group>"; };
		57FA80C429111C8800452F9F /* SJZCollectionController.swift */ = {isa = PBXFileReference; fileEncoding = 4; lastKnownFileType = sourcecode.swift; path = SJZCollectionController.swift; sourceTree = "<group>"; };
/* End PBXFileReference section */

/* Begin PBXFrameworksBuildPhase section */
		57FA80892910C16500452F9F /* Frameworks */ = {
			isa = PBXFrameworksBuildPhase;
			buildActionMask = 2147483647;
			files = (
				57FA80C12910F8BE00452F9F /* SnapKit in Frameworks */,
			);
			runOnlyForDeploymentPostprocessing = 0;
		};
/* End PBXFrameworksBuildPhase section */

/* Begin PBXGroup section */
		57FA80832910C16500452F9F = {
			isa = PBXGroup;
			children = (
				57FA808E2910C16500452F9F /* Demo */,
				57FA808D2910C16500452F9F /* Products */,
			);
			sourceTree = "<group>";
		};
		57FA808D2910C16500452F9F /* Products */ = {
			isa = PBXGroup;
			children = (
				57FA808C2910C16500452F9F /* Demo.app */,
			);
			name = Products;
			sourceTree = "<group>";
		};
		57FA808E2910C16500452F9F /* Demo */ = {
			isa = PBXGroup;
			children = (
				57FA80AD2910C39800452F9F /* Demo.entitlements */,
				57FA80A32910C1C400452F9F /* Sources */,
				57FA808F2910C16500452F9F /* AppDelegate.swift */,
				57FA80912910C16500452F9F /* SceneDelegate.swift */,
				57FA80932910C16500452F9F /* ViewController.swift */,
				57FA80952910C16500452F9F /* Main.storyboard */,
				57FA80982910C16700452F9F /* Assets.xcassets */,
				57FA809A2910C16700452F9F /* LaunchScreen.storyboard */,
				57FA809D2910C16700452F9F /* Info.plist */,
			);
			path = Demo;
			sourceTree = "<group>";
		};
		57FA80A32910C1C400452F9F /* Sources */ = {
			isa = PBXGroup;
			children = (
				57FA80A42910C1C400452F9F /* SJZCommon */,
			);
			name = Sources;
			path = ../../Sources;
			sourceTree = "<group>";
		};
		57FA80A42910C1C400452F9F /* SJZCommon */ = {
			isa = PBXGroup;
			children = (
				57FA80B82910F47D00452F9F /* Controller */,
				57FA80B52910EE0300452F9F /* Operator */,
				57FA80B22910C95B00452F9F /* FirstLunch */,
				57FA80AA2910C34C00452F9F /* Define */,
				57FA80A72910C21A00452F9F /* ColorScheme */,
			);
			path = SJZCommon;
			sourceTree = "<group>";
		};
		57FA80A72910C21A00452F9F /* ColorScheme */ = {
			isa = PBXGroup;
			children = (
				57FA80A82910C26200452F9F /* SJZColorScheme.swift */,
			);
			path = ColorScheme;
			sourceTree = "<group>";
		};
		57FA80AA2910C34C00452F9F /* Define */ = {
			isa = PBXGroup;
			children = (
				57FA80AB2910C36600452F9F /* Define.swift */,
				57FA80B02910C77A00452F9F /* UIViewDefine.swift */,
				57FA80AE2910C73500452F9F /* UIControllerDefine.swift */,
				57FA80B62910F37900452F9F /* UIFontDefine.swift */,
			);
			path = Define;
			sourceTree = "<group>";
		};
		57FA80B22910C95B00452F9F /* FirstLunch */ = {
			isa = PBXGroup;
			children = (
				57FA80B32910C98E00452F9F /* SJZFirstLunch.swift */,
			);
			path = FirstLunch;
			sourceTree = "<group>";
		};
		57FA80B52910EE0300452F9F /* Operator */ = {
			isa = PBXGroup;
			children = (
			);
			path = Operator;
			sourceTree = "<group>";
		};
		57FA80B82910F47D00452F9F /* Controller */ = {
			isa = PBXGroup;
			children = (
				57FA80B92910F4AD00452F9F /* SJZNavigationController.swift */,
				57FA80BB2910F70F00452F9F /* SJZBaseController.swift */,
				57FA80C429111C8800452F9F /* SJZCollectionController.swift */,
				57FA80C329111C8800452F9F /* SJZTableViewController.swift */,
				57FA80C229111C8800452F9F /* SJZTableViewDiffableDataSource.swift */,
				57FA80BD2910F74C00452F9F /* SJZNavBarView.swift */,
			);
			path = Controller;
			sourceTree = "<group>";
		};
/* End PBXGroup section */

/* Begin PBXNativeTarget section */
		57FA808B2910C16500452F9F /* Demo */ = {
			isa = PBXNativeTarget;
			buildConfigurationList = 57FA80A02910C16700452F9F /* Build configuration list for PBXNativeTarget "Demo" */;
			buildPhases = (
				57FA80882910C16500452F9F /* Sources */,
				57FA80892910C16500452F9F /* Frameworks */,
				57FA808A2910C16500452F9F /* Resources */,
			);
			buildRules = (
			);
			dependencies = (
			);
			name = Demo;
			packageProductDependencies = (
				57FA80C02910F8BE00452F9F /* SnapKit */,
			);
			productName = Demo;
			productReference = 57FA808C2910C16500452F9F /* Demo.app */;
			productType = "com.apple.product-type.application";
		};
/* End PBXNativeTarget section */

/* Begin PBXProject section */
		57FA80842910C16500452F9F /* Project object */ = {
			isa = PBXProject;
			attributes = {
				BuildIndependentTargetsInParallel = 1;
				LastSwiftUpdateCheck = 1410;
				LastUpgradeCheck = 1410;
				TargetAttributes = {
					57FA808B2910C16500452F9F = {
						CreatedOnToolsVersion = 14.1;
					};
				};
			};
			buildConfigurationList = 57FA80872910C16500452F9F /* Build configuration list for PBXProject "Demo" */;
			compatibilityVersion = "Xcode 14.0";
			developmentRegion = en;
			hasScannedForEncodings = 0;
			knownRegions = (
				en,
				Base,
			);
			mainGroup = 57FA80832910C16500452F9F;
			packageReferences = (
				57FA80BF2910F8BE00452F9F /* XCRemoteSwiftPackageReference "SnapKit" */,
			);
			productRefGroup = 57FA808D2910C16500452F9F /* Products */;
			projectDirPath = "";
			projectRoot = "";
			targets = (
				57FA808B2910C16500452F9F /* Demo */,
			);
		};
/* End PBXProject section */

/* Begin PBXResourcesBuildPhase section */
		57FA808A2910C16500452F9F /* Resources */ = {
			isa = PBXResourcesBuildPhase;
			buildActionMask = 2147483647;
			files = (
				57FA809C2910C16700452F9F /* LaunchScreen.storyboard in Resources */,
				57FA80992910C16700452F9F /* Assets.xcassets in Resources */,
				57FA80972910C16500452F9F /* Main.storyboard in Resources */,
			);
			runOnlyForDeploymentPostprocessing = 0;
		};
/* End PBXResourcesBuildPhase section */

/* Begin PBXSourcesBuildPhase section */
		57FA80882910C16500452F9F /* Sources */ = {
			isa = PBXSourcesBuildPhase;
			buildActionMask = 2147483647;
			files = (
				57FA80A92910C26200452F9F /* SJZColorScheme.swift in Sources */,
				57FA80B12910C77A00452F9F /* UIViewDefine.swift in Sources */,
				57FA80B72910F37900452F9F /* UIFontDefine.swift in Sources */,
				57FA80BA2910F4AD00452F9F /* SJZNavigationController.swift in Sources */,
				57FA80BC2910F70F00452F9F /* SJZBaseController.swift in Sources */,
				57FA80C729111C8800452F9F /* SJZCollectionController.swift in Sources */,
				57FA80942910C16500452F9F /* ViewController.swift in Sources */,
				57FA80BE2910F74D00452F9F /* SJZNavBarView.swift in Sources */,
				57FA80C629111C8800452F9F /* SJZTableViewController.swift in Sources */,
				57FA80902910C16500452F9F /* AppDelegate.swift in Sources */,
				57FA80AC2910C36600452F9F /* Define.swift in Sources */,
				57FA80C529111C8800452F9F /* SJZTableViewDiffableDataSource.swift in Sources */,
				57FA80AF2910C73500452F9F /* UIControllerDefine.swift in Sources */,
				57FA80922910C16500452F9F /* SceneDelegate.swift in Sources */,
				57FA80B42910C98E00452F9F /* SJZFirstLunch.swift in Sources */,
			);
			runOnlyForDeploymentPostprocessing = 0;
		};
/* End PBXSourcesBuildPhase section */

/* Begin PBXVariantGroup section */
		57FA80952910C16500452F9F /* Main.storyboard */ = {
			isa = PBXVariantGroup;
			children = (
				57FA80962910C16500452F9F /* Base */,
			);
			name = Main.storyboard;
			sourceTree = "<group>";
		};
		57FA809A2910C16700452F9F /* LaunchScreen.storyboard */ = {
			isa = PBXVariantGroup;
			children = (
				57FA809B2910C16700452F9F /* Base */,
			);
			name = LaunchScreen.storyboard;
			sourceTree = "<group>";
		};
/* End PBXVariantGroup section */

/* Begin XCBuildConfiguration section */
		57FA809E2910C16700452F9F /* Debug */ = {
			isa = XCBuildConfiguration;
			buildSettings = {
				ALWAYS_SEARCH_USER_PATHS = NO;
				CLANG_ANALYZER_NONNULL = YES;
				CLANG_ANALYZER_NUMBER_OBJECT_CONVERSION = YES_AGGRESSIVE;
				CLANG_CXX_LANGUAGE_STANDARD = "gnu++20";
				CLANG_ENABLE_MODULES = YES;
				CLANG_ENABLE_OBJC_ARC = YES;
				CLANG_ENABLE_OBJC_WEAK = YES;
				CLANG_WARN_BLOCK_CAPTURE_AUTORELEASING = YES;
				CLANG_WARN_BOOL_CONVERSION = YES;
				CLANG_WARN_COMMA = YES;
				CLANG_WARN_CONSTANT_CONVERSION = YES;
				CLANG_WARN_DEPRECATED_OBJC_IMPLEMENTATIONS = YES;
				CLANG_WARN_DIRECT_OBJC_ISA_USAGE = YES_ERROR;
				CLANG_WARN_DOCUMENTATION_COMMENTS = YES;
				CLANG_WARN_EMPTY_BODY = YES;
				CLANG_WARN_ENUM_CONVERSION = YES;
				CLANG_WARN_INFINITE_RECURSION = YES;
				CLANG_WARN_INT_CONVERSION = YES;
				CLANG_WARN_NON_LITERAL_NULL_CONVERSION = YES;
				CLANG_WARN_OBJC_IMPLICIT_RETAIN_SELF = YES;
				CLANG_WARN_OBJC_LITERAL_CONVERSION = YES;
				CLANG_WARN_OBJC_ROOT_CLASS = YES_ERROR;
				CLANG_WARN_QUOTED_INCLUDE_IN_FRAMEWORK_HEADER = YES;
				CLANG_WARN_RANGE_LOOP_ANALYSIS = YES;
				CLANG_WARN_STRICT_PROTOTYPES = YES;
				CLANG_WARN_SUSPICIOUS_MOVE = YES;
				CLANG_WARN_UNGUARDED_AVAILABILITY = YES_AGGRESSIVE;
				CLANG_WARN_UNREACHABLE_CODE = YES;
				CLANG_WARN__DUPLICATE_METHOD_MATCH = YES;
				COPY_PHASE_STRIP = NO;
				DEBUG_INFORMATION_FORMAT = dwarf;
				ENABLE_STRICT_OBJC_MSGSEND = YES;
				ENABLE_TESTABILITY = YES;
				GCC_C_LANGUAGE_STANDARD = gnu11;
				GCC_DYNAMIC_NO_PIC = NO;
				GCC_NO_COMMON_BLOCKS = YES;
				GCC_OPTIMIZATION_LEVEL = 0;
				GCC_PREPROCESSOR_DEFINITIONS = (
					"DEBUG=1",
					"$(inherited)",
				);
				GCC_WARN_64_TO_32_BIT_CONVERSION = YES;
				GCC_WARN_ABOUT_RETURN_TYPE = YES_ERROR;
				GCC_WARN_UNDECLARED_SELECTOR = YES;
				GCC_WARN_UNINITIALIZED_AUTOS = YES_AGGRESSIVE;
				GCC_WARN_UNUSED_FUNCTION = YES;
				GCC_WARN_UNUSED_VARIABLE = YES;
				IPHONEOS_DEPLOYMENT_TARGET = 16.1;
				MTL_ENABLE_DEBUG_INFO = INCLUDE_SOURCE;
				MTL_FAST_MATH = YES;
				ONLY_ACTIVE_ARCH = YES;
				SDKROOT = iphoneos;
				SWIFT_ACTIVE_COMPILATION_CONDITIONS = DEBUG;
				SWIFT_OPTIMIZATION_LEVEL = "-Onone";
			};
			name = Debug;
		};
		57FA809F2910C16700452F9F /* Release */ = {
			isa = XCBuildConfiguration;
			buildSettings = {
				ALWAYS_SEARCH_USER_PATHS = NO;
				CLANG_ANALYZER_NONNULL = YES;
				CLANG_ANALYZER_NUMBER_OBJECT_CONVERSION = YES_AGGRESSIVE;
				CLANG_CXX_LANGUAGE_STANDARD = "gnu++20";
				CLANG_ENABLE_MODULES = YES;
				CLANG_ENABLE_OBJC_ARC = YES;
				CLANG_ENABLE_OBJC_WEAK = YES;
				CLANG_WARN_BLOCK_CAPTURE_AUTORELEASING = YES;
				CLANG_WARN_BOOL_CONVERSION = YES;
				CLANG_WARN_COMMA = YES;
				CLANG_WARN_CONSTANT_CONVERSION = YES;
				CLANG_WARN_DEPRECATED_OBJC_IMPLEMENTATIONS = YES;
				CLANG_WARN_DIRECT_OBJC_ISA_USAGE = YES_ERROR;
				CLANG_WARN_DOCUMENTATION_COMMENTS = YES;
				CLANG_WARN_EMPTY_BODY = YES;
				CLANG_WARN_ENUM_CONVERSION = YES;
				CLANG_WARN_INFINITE_RECURSION = YES;
				CLANG_WARN_INT_CONVERSION = YES;
				CLANG_WARN_NON_LITERAL_NULL_CONVERSION = YES;
				CLANG_WARN_OBJC_IMPLICIT_RETAIN_SELF = YES;
				CLANG_WARN_OBJC_LITERAL_CONVERSION = YES;
				CLANG_WARN_OBJC_ROOT_CLASS = YES_ERROR;
				CLANG_WARN_QUOTED_INCLUDE_IN_FRAMEWORK_HEADER = YES;
				CLANG_WARN_RANGE_LOOP_ANALYSIS = YES;
				CLANG_WARN_STRICT_PROTOTYPES = YES;
				CLANG_WARN_SUSPICIOUS_MOVE = YES;
				CLANG_WARN_UNGUARDED_AVAILABILITY = YES_AGGRESSIVE;
				CLANG_WARN_UNREACHABLE_CODE = YES;
				CLANG_WARN__DUPLICATE_METHOD_MATCH = YES;
				COPY_PHASE_STRIP = NO;
				DEBUG_INFORMATION_FORMAT = "dwarf-with-dsym";
				ENABLE_NS_ASSERTIONS = NO;
				ENABLE_STRICT_OBJC_MSGSEND = YES;
				GCC_C_LANGUAGE_STANDARD = gnu11;
				GCC_NO_COMMON_BLOCKS = YES;
				GCC_WARN_64_TO_32_BIT_CONVERSION = YES;
				GCC_WARN_ABOUT_RETURN_TYPE = YES_ERROR;
				GCC_WARN_UNDECLARED_SELECTOR = YES;
				GCC_WARN_UNINITIALIZED_AUTOS = YES_AGGRESSIVE;
				GCC_WARN_UNUSED_FUNCTION = YES;
				GCC_WARN_UNUSED_VARIABLE = YES;
				IPHONEOS_DEPLOYMENT_TARGET = 16.1;
				MTL_ENABLE_DEBUG_INFO = NO;
				MTL_FAST_MATH = YES;
				SDKROOT = iphoneos;
				SWIFT_COMPILATION_MODE = wholemodule;
				SWIFT_OPTIMIZATION_LEVEL = "-O";
				VALIDATE_PRODUCT = YES;
			};
			name = Release;
		};
		57FA80A12910C16700452F9F /* Debug */ = {
			isa = XCBuildConfiguration;
			buildSettings = {
				ASSETCATALOG_COMPILER_APPICON_NAME = AppIcon;
				ASSETCATALOG_COMPILER_GLOBAL_ACCENT_COLOR_NAME = AccentColor;
				CODE_SIGN_ENTITLEMENTS = Demo/Demo.entitlements;
				CODE_SIGN_STYLE = Automatic;
				CURRENT_PROJECT_VERSION = 1;
				DEVELOPMENT_TEAM = TS52XMR55A;
				GENERATE_INFOPLIST_FILE = YES;
				INFOPLIST_FILE = Demo/Info.plist;
				INFOPLIST_KEY_UIApplicationSupportsIndirectInputEvents = YES;
				INFOPLIST_KEY_UILaunchStoryboardName = LaunchScreen;
				INFOPLIST_KEY_UIMainStoryboardFile = Main;
				INFOPLIST_KEY_UISupportedInterfaceOrientations_iPad = "UIInterfaceOrientationPortrait UIInterfaceOrientationPortraitUpsideDown UIInterfaceOrientationLandscapeLeft UIInterfaceOrientationLandscapeRight";
				INFOPLIST_KEY_UISupportedInterfaceOrientations_iPhone = "UIInterfaceOrientationPortrait UIInterfaceOrientationLandscapeLeft UIInterfaceOrientationLandscapeRight";
				IPHONEOS_DEPLOYMENT_TARGET = 15.0;
				LD_RUNPATH_SEARCH_PATHS = (
					"$(inherited)",
					"@executable_path/Frameworks",
				);
				MARKETING_VERSION = 1.0;
				PRODUCT_BUNDLE_IDENTIFIER = com.sjz.Demo;
				PRODUCT_NAME = "$(TARGET_NAME)";
				SUPPORTED_PLATFORMS = "iphoneos iphonesimulator";
				SUPPORTS_MACCATALYST = YES;
				SUPPORTS_MAC_DESIGNED_FOR_IPHONE_IPAD = NO;
				SWIFT_EMIT_LOC_STRINGS = YES;
				SWIFT_VERSION = 5.0;
				TARGETED_DEVICE_FAMILY = "1,2";
			};
			name = Debug;
		};
		57FA80A22910C16700452F9F /* Release */ = {
			isa = XCBuildConfiguration;
			buildSettings = {
				ASSETCATALOG_COMPILER_APPICON_NAME = AppIcon;
				ASSETCATALOG_COMPILER_GLOBAL_ACCENT_COLOR_NAME = AccentColor;
				CODE_SIGN_ENTITLEMENTS = Demo/Demo.entitlements;
				CODE_SIGN_STYLE = Automatic;
				CURRENT_PROJECT_VERSION = 1;
				DEVELOPMENT_TEAM = TS52XMR55A;
				GENERATE_INFOPLIST_FILE = YES;
				INFOPLIST_FILE = Demo/Info.plist;
				INFOPLIST_KEY_UIApplicationSupportsIndirectInputEvents = YES;
				INFOPLIST_KEY_UILaunchStoryboardName = LaunchScreen;
				INFOPLIST_KEY_UIMainStoryboardFile = Main;
				INFOPLIST_KEY_UISupportedInterfaceOrientations_iPad = "UIInterfaceOrientationPortrait UIInterfaceOrientationPortraitUpsideDown UIInterfaceOrientationLandscapeLeft UIInterfaceOrientationLandscapeRight";
				INFOPLIST_KEY_UISupportedInterfaceOrientations_iPhone = "UIInterfaceOrientationPortrait UIInterfaceOrientationLandscapeLeft UIInterfaceOrientationLandscapeRight";
				IPHONEOS_DEPLOYMENT_TARGET = 15.0;
				LD_RUNPATH_SEARCH_PATHS = (
					"$(inherited)",
					"@executable_path/Frameworks",
				);
				MARKETING_VERSION = 1.0;
				PRODUCT_BUNDLE_IDENTIFIER = com.sjz.Demo;
				PRODUCT_NAME = "$(TARGET_NAME)";
				SUPPORTED_PLATFORMS = "iphoneos iphonesimulator";
				SUPPORTS_MACCATALYST = YES;
				SUPPORTS_MAC_DESIGNED_FOR_IPHONE_IPAD = NO;
				SWIFT_EMIT_LOC_STRINGS = YES;
				SWIFT_VERSION = 5.0;
				TARGETED_DEVICE_FAMILY = "1,2";
			};
			name = Release;
		};
/* End XCBuildConfiguration section */

/* Begin XCConfigurationList section */
		57FA80872910C16500452F9F /* Build configuration list for PBXProject "Demo" */ = {
			isa = XCConfigurationList;
			buildConfigurations = (
				57FA809E2910C16700452F9F /* Debug */,
				57FA809F2910C16700452F9F /* Release */,
			);
			defaultConfigurationIsVisible = 0;
			defaultConfigurationName = Release;
		};
		57FA80A02910C16700452F9F /* Build configuration list for PBXNativeTarget "Demo" */ = {
			isa = XCConfigurationList;
			buildConfigurations = (
				57FA80A12910C16700452F9F /* Debug */,
				57FA80A22910C16700452F9F /* Release */,
			);
			defaultConfigurationIsVisible = 0;
			defaultConfigurationName = Release;
		};
/* End XCConfigurationList section */

/* Begin XCRemoteSwiftPackageReference section */
		57FA80BF2910F8BE00452F9F /* XCRemoteSwiftPackageReference "SnapKit" */ = {
			isa = XCRemoteSwiftPackageReference;
			repositoryURL = "git@github.com:SnapKit/SnapKit.git";
			requirement = {
				kind = upToNextMajorVersion;
				minimumVersion = 5.0.0;
			};
		};
/* End XCRemoteSwiftPackageReference section */

/* Begin XCSwiftPackageProductDependency section */
		57FA80C02910F8BE00452F9F /* SnapKit */ = {
			isa = XCSwiftPackageProductDependency;
			package = 57FA80BF2910F8BE00452F9F /* XCRemoteSwiftPackageReference "SnapKit" */;
			productName = SnapKit;
		};
/* End XCSwiftPackageProductDependency section */
	};
	rootObject = 57FA80842910C16500452F9F /* Project object */;
}
