// !$*UTF8*$!
{
	archiveVersion = 1;
	classes = {
	};
	objectVersion = 56;
	objects = {

/* Begin PBXBuildFile section */
		574246932A287DD5008A3155 /* JXCommonDemoApp.swift in Sources */ = {isa = PBXBuildFile; fileRef = 574246922A287DD5008A3155 /* JXCommonDemoApp.swift */; };
		574246952A287DD5008A3155 /* ContentView.swift in Sources */ = {isa = PBXBuildFile; fileRef = 574246942A287DD5008A3155 /* ContentView.swift */; };
		574246972A287DD8008A3155 /* Assets.xcassets in Resources */ = {isa = PBXBuildFile; fileRef = 574246962A287DD8008A3155 /* Assets.xcassets */; };
		5742469A2A287DD8008A3155 /* Preview Assets.xcassets in Resources */ = {isa = PBXBuildFile; fileRef = 574246992A287DD8008A3155 /* Preview Assets.xcassets */; };
		574246B52A287E56008A3155 /* UIFontDefine.swift in Sources */ = {isa = PBXBuildFile; fileRef = 574246A32A287E55008A3155 /* UIFontDefine.swift */; };
		574246B62A287E56008A3155 /* UIViewDefine.swift in Sources */ = {isa = PBXBuildFile; fileRef = 574246A42A287E55008A3155 /* UIViewDefine.swift */; };
		574246B72A287E56008A3155 /* UIControllerDefine.swift in Sources */ = {isa = PBXBuildFile; fileRef = 574246A52A287E55008A3155 /* UIControllerDefine.swift */; };
		574246B82A287E56008A3155 /* StringDefine.swift in Sources */ = {isa = PBXBuildFile; fileRef = 574246A62A287E55008A3155 /* StringDefine.swift */; };
		574246B92A287E56008A3155 /* Define.swift in Sources */ = {isa = PBXBuildFile; fileRef = 574246A72A287E55008A3155 /* Define.swift */; };
		574246BA2A287E56008A3155 /* SJZNavBarView.swift in Sources */ = {isa = PBXBuildFile; fileRef = 574246A92A287E55008A3155 /* SJZNavBarView.swift */; };
		574246BB2A287E56008A3155 /* SJZTableViewController.swift in Sources */ = {isa = PBXBuildFile; fileRef = 574246AA2A287E55008A3155 /* SJZTableViewController.swift */; };
		574246BC2A287E56008A3155 /* SJZCollectionView.swift in Sources */ = {isa = PBXBuildFile; fileRef = 574246AB2A287E55008A3155 /* SJZCollectionView.swift */; };
		574246BD2A287E56008A3155 /* SJZNavigationController.swift in Sources */ = {isa = PBXBuildFile; fileRef = 574246AC2A287E55008A3155 /* SJZNavigationController.swift */; };
		574246BE2A287E56008A3155 /* SJZCollectionController.swift in Sources */ = {isa = PBXBuildFile; fileRef = 574246AD2A287E55008A3155 /* SJZCollectionController.swift */; };
		574246BF2A287E56008A3155 /* SJZTableViewDiffableDataSource.swift in Sources */ = {isa = PBXBuildFile; fileRef = 574246AE2A287E55008A3155 /* SJZTableViewDiffableDataSource.swift */; };
		574246C02A287E56008A3155 /* SJZBaseController.swift in Sources */ = {isa = PBXBuildFile; fileRef = 574246AF2A287E55008A3155 /* SJZBaseController.swift */; };
		574246C12A287E56008A3155 /* SJZColorScheme.swift in Sources */ = {isa = PBXBuildFile; fileRef = 574246B12A287E55008A3155 /* SJZColorScheme.swift */; };
		574246C22A287E56008A3155 /* SJZFirstLunch.swift in Sources */ = {isa = PBXBuildFile; fileRef = 574246B32A287E55008A3155 /* SJZFirstLunch.swift */; };
/* End PBXBuildFile section */

/* Begin PBXFileReference section */
		5742468F2A287DD5008A3155 /* JXCommonDemo.app */ = {isa = PBXFileReference; explicitFileType = wrapper.application; includeInIndex = 0; path = JXCommonDemo.app; sourceTree = BUILT_PRODUCTS_DIR; };
		574246922A287DD5008A3155 /* JXCommonDemoApp.swift */ = {isa = PBXFileReference; lastKnownFileType = sourcecode.swift; path = JXCommonDemoApp.swift; sourceTree = "<group>"; };
		574246942A287DD5008A3155 /* ContentView.swift */ = {isa = PBXFileReference; lastKnownFileType = sourcecode.swift; path = ContentView.swift; sourceTree = "<group>"; };
		574246962A287DD8008A3155 /* Assets.xcassets */ = {isa = PBXFileReference; lastKnownFileType = folder.assetcatalog; path = Assets.xcassets; sourceTree = "<group>"; };
		574246992A287DD8008A3155 /* Preview Assets.xcassets */ = {isa = PBXFileReference; lastKnownFileType = folder.assetcatalog; path = "Preview Assets.xcassets"; sourceTree = "<group>"; };
		574246A32A287E55008A3155 /* UIFontDefine.swift */ = {isa = PBXFileReference; fileEncoding = 4; lastKnownFileType = sourcecode.swift; path = UIFontDefine.swift; sourceTree = "<group>"; };
		574246A42A287E55008A3155 /* UIViewDefine.swift */ = {isa = PBXFileReference; fileEncoding = 4; lastKnownFileType = sourcecode.swift; path = UIViewDefine.swift; sourceTree = "<group>"; };
		574246A52A287E55008A3155 /* UIControllerDefine.swift */ = {isa = PBXFileReference; fileEncoding = 4; lastKnownFileType = sourcecode.swift; path = UIControllerDefine.swift; sourceTree = "<group>"; };
		574246A62A287E55008A3155 /* StringDefine.swift */ = {isa = PBXFileReference; fileEncoding = 4; lastKnownFileType = sourcecode.swift; path = StringDefine.swift; sourceTree = "<group>"; };
		574246A72A287E55008A3155 /* Define.swift */ = {isa = PBXFileReference; fileEncoding = 4; lastKnownFileType = sourcecode.swift; path = Define.swift; sourceTree = "<group>"; };
		574246A92A287E55008A3155 /* SJZNavBarView.swift */ = {isa = PBXFileReference; fileEncoding = 4; lastKnownFileType = sourcecode.swift; path = SJZNavBarView.swift; sourceTree = "<group>"; };
		574246AA2A287E55008A3155 /* SJZTableViewController.swift */ = {isa = PBXFileReference; fileEncoding = 4; lastKnownFileType = sourcecode.swift; path = SJZTableViewController.swift; sourceTree = "<group>"; };
		574246AB2A287E55008A3155 /* SJZCollectionView.swift */ = {isa = PBXFileReference; fileEncoding = 4; lastKnownFileType = sourcecode.swift; path = SJZCollectionView.swift; sourceTree = "<group>"; };
		574246AC2A287E55008A3155 /* SJZNavigationController.swift */ = {isa = PBXFileReference; fileEncoding = 4; lastKnownFileType = sourcecode.swift; path = SJZNavigationController.swift; sourceTree = "<group>"; };
		574246AD2A287E55008A3155 /* SJZCollectionController.swift */ = {isa = PBXFileReference; fileEncoding = 4; lastKnownFileType = sourcecode.swift; path = SJZCollectionController.swift; sourceTree = "<group>"; };
		574246AE2A287E55008A3155 /* SJZTableViewDiffableDataSource.swift */ = {isa = PBXFileReference; fileEncoding = 4; lastKnownFileType = sourcecode.swift; path = SJZTableViewDiffableDataSource.swift; sourceTree = "<group>"; };
		574246AF2A287E55008A3155 /* SJZBaseController.swift */ = {isa = PBXFileReference; fileEncoding = 4; lastKnownFileType = sourcecode.swift; path = SJZBaseController.swift; sourceTree = "<group>"; };
		574246B12A287E55008A3155 /* SJZColorScheme.swift */ = {isa = PBXFileReference; fileEncoding = 4; lastKnownFileType = sourcecode.swift; path = SJZColorScheme.swift; sourceTree = "<group>"; };
		574246B32A287E55008A3155 /* SJZFirstLunch.swift */ = {isa = PBXFileReference; fileEncoding = 4; lastKnownFileType = sourcecode.swift; path = SJZFirstLunch.swift; sourceTree = "<group>"; };
/* End PBXFileReference section */

/* Begin PBXFrameworksBuildPhase section */
		5742468C2A287DD5008A3155 /* Frameworks */ = {
			isa = PBXFrameworksBuildPhase;
			buildActionMask = 2147483647;
			files = (
			);
			runOnlyForDeploymentPostprocessing = 0;
		};
/* End PBXFrameworksBuildPhase section */

/* Begin PBXGroup section */
		574246862A287DD4008A3155 = {
			isa = PBXGroup;
			children = (
				574246A02A287E55008A3155 /* Sources */,
				574246912A287DD5008A3155 /* JXCommonDemo */,
				574246902A287DD5008A3155 /* Products */,
			);
			sourceTree = "<group>";
		};
		574246902A287DD5008A3155 /* Products */ = {
			isa = PBXGroup;
			children = (
				5742468F2A287DD5008A3155 /* JXCommonDemo.app */,
			);
			name = Products;
			sourceTree = "<group>";
		};
		574246912A287DD5008A3155 /* JXCommonDemo */ = {
			isa = PBXGroup;
			children = (
				574246922A287DD5008A3155 /* JXCommonDemoApp.swift */,
				574246942A287DD5008A3155 /* ContentView.swift */,
				574246962A287DD8008A3155 /* Assets.xcassets */,
				574246982A287DD8008A3155 /* Preview Content */,
			);
			path = JXCommonDemo;
			sourceTree = "<group>";
		};
		574246982A287DD8008A3155 /* Preview Content */ = {
			isa = PBXGroup;
			children = (
				574246992A287DD8008A3155 /* Preview Assets.xcassets */,
			);
			path = "Preview Content";
			sourceTree = "<group>";
		};
		574246A02A287E55008A3155 /* Sources */ = {
			isa = PBXGroup;
			children = (
				574246A12A287E55008A3155 /* JXCommon */,
			);
			name = Sources;
			path = ../../Sources;
			sourceTree = "<group>";
		};
		574246A12A287E55008A3155 /* JXCommon */ = {
			isa = PBXGroup;
			children = (
				574246A22A287E55008A3155 /* Define */,
				574246A82A287E55008A3155 /* Controller */,
				574246B02A287E55008A3155 /* ColorScheme */,
				574246B22A287E55008A3155 /* FirstLunch */,
				574246B42A287E55008A3155 /* Operator */,
			);
			path = JXCommon;
			sourceTree = "<group>";
		};
		574246A22A287E55008A3155 /* Define */ = {
			isa = PBXGroup;
			children = (
				574246A32A287E55008A3155 /* UIFontDefine.swift */,
				574246A42A287E55008A3155 /* UIViewDefine.swift */,
				574246A52A287E55008A3155 /* UIControllerDefine.swift */,
				574246A62A287E55008A3155 /* StringDefine.swift */,
				574246A72A287E55008A3155 /* Define.swift */,
			);
			path = Define;
			sourceTree = "<group>";
		};
		574246A82A287E55008A3155 /* Controller */ = {
			isa = PBXGroup;
			children = (
				574246A92A287E55008A3155 /* SJZNavBarView.swift */,
				574246AA2A287E55008A3155 /* SJZTableViewController.swift */,
				574246AB2A287E55008A3155 /* SJZCollectionView.swift */,
				574246AC2A287E55008A3155 /* SJZNavigationController.swift */,
				574246AD2A287E55008A3155 /* SJZCollectionController.swift */,
				574246AE2A287E55008A3155 /* SJZTableViewDiffableDataSource.swift */,
				574246AF2A287E55008A3155 /* SJZBaseController.swift */,
			);
			path = Controller;
			sourceTree = "<group>";
		};
		574246B02A287E55008A3155 /* ColorScheme */ = {
			isa = PBXGroup;
			children = (
				574246B12A287E55008A3155 /* SJZColorScheme.swift */,
			);
			path = ColorScheme;
			sourceTree = "<group>";
		};
		574246B22A287E55008A3155 /* FirstLunch */ = {
			isa = PBXGroup;
			children = (
				574246B32A287E55008A3155 /* SJZFirstLunch.swift */,
			);
			path = FirstLunch;
			sourceTree = "<group>";
		};
		574246B42A287E55008A3155 /* Operator */ = {
			isa = PBXGroup;
			children = (
			);
			path = Operator;
			sourceTree = "<group>";
		};
/* End PBXGroup section */

/* Begin PBXNativeTarget section */
		5742468E2A287DD5008A3155 /* JXCommonDemo */ = {
			isa = PBXNativeTarget;
			buildConfigurationList = 5742469D2A287DD8008A3155 /* Build configuration list for PBXNativeTarget "JXCommonDemo" */;
			buildPhases = (
				5742468B2A287DD5008A3155 /* Sources */,
				5742468C2A287DD5008A3155 /* Frameworks */,
				5742468D2A287DD5008A3155 /* Resources */,
			);
			buildRules = (
			);
			dependencies = (
			);
			name = JXCommonDemo;
			productName = JXCommonDemo;
			productReference = 5742468F2A287DD5008A3155 /* JXCommonDemo.app */;
			productType = "com.apple.product-type.application";
		};
/* End PBXNativeTarget section */

/* Begin PBXProject section */
		574246872A287DD4008A3155 /* Project object */ = {
			isa = PBXProject;
			attributes = {
				BuildIndependentTargetsInParallel = 1;
				LastSwiftUpdateCheck = 1420;
				LastUpgradeCheck = 1420;
				TargetAttributes = {
					5742468E2A287DD5008A3155 = {
						CreatedOnToolsVersion = 14.2;
					};
				};
			};
			buildConfigurationList = 5742468A2A287DD5008A3155 /* Build configuration list for PBXProject "JXCommonDemo" */;
			compatibilityVersion = "Xcode 14.0";
			developmentRegion = en;
			hasScannedForEncodings = 0;
			knownRegions = (
				en,
				Base,
			);
			mainGroup = 574246862A287DD4008A3155;
			productRefGroup = 574246902A287DD5008A3155 /* Products */;
			projectDirPath = "";
			projectRoot = "";
			targets = (
				5742468E2A287DD5008A3155 /* JXCommonDemo */,
			);
		};
/* End PBXProject section */

/* Begin PBXResourcesBuildPhase section */
		5742468D2A287DD5008A3155 /* Resources */ = {
			isa = PBXResourcesBuildPhase;
			buildActionMask = 2147483647;
			files = (
				5742469A2A287DD8008A3155 /* Preview Assets.xcassets in Resources */,
				574246972A287DD8008A3155 /* Assets.xcassets in Resources */,
			);
			runOnlyForDeploymentPostprocessing = 0;
		};
/* End PBXResourcesBuildPhase section */

/* Begin PBXSourcesBuildPhase section */
		5742468B2A287DD5008A3155 /* Sources */ = {
			isa = PBXSourcesBuildPhase;
			buildActionMask = 2147483647;
			files = (
				574246C02A287E56008A3155 /* SJZBaseController.swift in Sources */,
				574246952A287DD5008A3155 /* ContentView.swift in Sources */,
				574246B62A287E56008A3155 /* UIViewDefine.swift in Sources */,
				574246BC2A287E56008A3155 /* SJZCollectionView.swift in Sources */,
				574246BA2A287E56008A3155 /* SJZNavBarView.swift in Sources */,
				574246BB2A287E56008A3155 /* SJZTableViewController.swift in Sources */,
				574246B72A287E56008A3155 /* UIControllerDefine.swift in Sources */,
				574246C22A287E56008A3155 /* SJZFirstLunch.swift in Sources */,
				574246B82A287E56008A3155 /* StringDefine.swift in Sources */,
				574246932A287DD5008A3155 /* JXCommonDemoApp.swift in Sources */,
				574246C12A287E56008A3155 /* SJZColorScheme.swift in Sources */,
				574246BD2A287E56008A3155 /* SJZNavigationController.swift in Sources */,
				574246BF2A287E56008A3155 /* SJZTableViewDiffableDataSource.swift in Sources */,
				574246B52A287E56008A3155 /* UIFontDefine.swift in Sources */,
				574246B92A287E56008A3155 /* Define.swift in Sources */,
				574246BE2A287E56008A3155 /* SJZCollectionController.swift in Sources */,
			);
			runOnlyForDeploymentPostprocessing = 0;
		};
/* End PBXSourcesBuildPhase section */

/* Begin XCBuildConfiguration section */
		5742469B2A287DD8008A3155 /* Debug */ = {
			isa = XCBuildConfiguration;
			buildSettings = {
				ALWAYS_SEARCH_USER_PATHS = NO;
				CLANG_ANALYZER_NONNULL = YES;
				CLANG_ANALYZER_NUMBER_OBJECT_CONVERSION = YES_AGGRESSIVE;
				CLANG_CXX_LANGUAGE_STANDARD = "gnu++20";
				CLANG_ENABLE_MODULES = YES;
				CLANG_ENABLE_OBJC_ARC = YES;
				CLANG_ENABLE_OBJC_WEAK = YES;
				CLANG_WARN_BLOCK_CAPTURE_AUTORELEASING = YES;
				CLANG_WARN_BOOL_CONVERSION = YES;
				CLANG_WARN_COMMA = YES;
				CLANG_WARN_CONSTANT_CONVERSION = YES;
				CLANG_WARN_DEPRECATED_OBJC_IMPLEMENTATIONS = YES;
				CLANG_WARN_DIRECT_OBJC_ISA_USAGE = YES_ERROR;
				CLANG_WARN_DOCUMENTATION_COMMENTS = YES;
				CLANG_WARN_EMPTY_BODY = YES;
				CLANG_WARN_ENUM_CONVERSION = YES;
				CLANG_WARN_INFINITE_RECURSION = YES;
				CLANG_WARN_INT_CONVERSION = YES;
				CLANG_WARN_NON_LITERAL_NULL_CONVERSION = YES;
				CLANG_WARN_OBJC_IMPLICIT_RETAIN_SELF = YES;
				CLANG_WARN_OBJC_LITERAL_CONVERSION = YES;
				CLANG_WARN_OBJC_ROOT_CLASS = YES_ERROR;
				CLANG_WARN_QUOTED_INCLUDE_IN_FRAMEWORK_HEADER = YES;
				CLANG_WARN_RANGE_LOOP_ANALYSIS = YES;
				CLANG_WARN_STRICT_PROTOTYPES = YES;
				CLANG_WARN_SUSPICIOUS_MOVE = YES;
				CLANG_WARN_UNGUARDED_AVAILABILITY = YES_AGGRESSIVE;
				CLANG_WARN_UNREACHABLE_CODE = YES;
				CLANG_WARN__DUPLICATE_METHOD_MATCH = YES;
				COPY_PHASE_STRIP = NO;
				DEBUG_INFORMATION_FORMAT = dwarf;
				ENABLE_STRICT_OBJC_MSGSEND = YES;
				ENABLE_TESTABILITY = YES;
				GCC_C_LANGUAGE_STANDARD = gnu11;
				GCC_DYNAMIC_NO_PIC = NO;
				GCC_NO_COMMON_BLOCKS = YES;
				GCC_OPTIMIZATION_LEVEL = 0;
				GCC_PREPROCESSOR_DEFINITIONS = (
					"DEBUG=1",
					"$(inherited)",
				);
				GCC_WARN_64_TO_32_BIT_CONVERSION = YES;
				GCC_WARN_ABOUT_RETURN_TYPE = YES_ERROR;
				GCC_WARN_UNDECLARED_SELECTOR = YES;
				GCC_WARN_UNINITIALIZED_AUTOS = YES_AGGRESSIVE;
				GCC_WARN_UNUSED_FUNCTION = YES;
				GCC_WARN_UNUSED_VARIABLE = YES;
				IPHONEOS_DEPLOYMENT_TARGET = 16.2;
				MTL_ENABLE_DEBUG_INFO = INCLUDE_SOURCE;
				MTL_FAST_MATH = YES;
				ONLY_ACTIVE_ARCH = YES;
				SDKROOT = iphoneos;
				SWIFT_ACTIVE_COMPILATION_CONDITIONS = DEBUG;
				SWIFT_OPTIMIZATION_LEVEL = "-Onone";
			};
			name = Debug;
		};
		5742469C2A287DD8008A3155 /* Release */ = {
			isa = XCBuildConfiguration;
			buildSettings = {
				ALWAYS_SEARCH_USER_PATHS = NO;
				CLANG_ANALYZER_NONNULL = YES;
				CLANG_ANALYZER_NUMBER_OBJECT_CONVERSION = YES_AGGRESSIVE;
				CLANG_CXX_LANGUAGE_STANDARD = "gnu++20";
				CLANG_ENABLE_MODULES = YES;
				CLANG_ENABLE_OBJC_ARC = YES;
				CLANG_ENABLE_OBJC_WEAK = YES;
				CLANG_WARN_BLOCK_CAPTURE_AUTORELEASING = YES;
				CLANG_WARN_BOOL_CONVERSION = YES;
				CLANG_WARN_COMMA = YES;
				CLANG_WARN_CONSTANT_CONVERSION = YES;
				CLANG_WARN_DEPRECATED_OBJC_IMPLEMENTATIONS = YES;
				CLANG_WARN_DIRECT_OBJC_ISA_USAGE = YES_ERROR;
				CLANG_WARN_DOCUMENTATION_COMMENTS = YES;
				CLANG_WARN_EMPTY_BODY = YES;
				CLANG_WARN_ENUM_CONVERSION = YES;
				CLANG_WARN_INFINITE_RECURSION = YES;
				CLANG_WARN_INT_CONVERSION = YES;
				CLANG_WARN_NON_LITERAL_NULL_CONVERSION = YES;
				CLANG_WARN_OBJC_IMPLICIT_RETAIN_SELF = YES;
				CLANG_WARN_OBJC_LITERAL_CONVERSION = YES;
				CLANG_WARN_OBJC_ROOT_CLASS = YES_ERROR;
				CLANG_WARN_QUOTED_INCLUDE_IN_FRAMEWORK_HEADER = YES;
				CLANG_WARN_RANGE_LOOP_ANALYSIS = YES;
				CLANG_WARN_STRICT_PROTOTYPES = YES;
				CLANG_WARN_SUSPICIOUS_MOVE = YES;
				CLANG_WARN_UNGUARDED_AVAILABILITY = YES_AGGRESSIVE;
				CLANG_WARN_UNREACHABLE_CODE = YES;
				CLANG_WARN__DUPLICATE_METHOD_MATCH = YES;
				COPY_PHASE_STRIP = NO;
				DEBUG_INFORMATION_FORMAT = "dwarf-with-dsym";
				ENABLE_NS_ASSERTIONS = NO;
				ENABLE_STRICT_OBJC_MSGSEND = YES;
				GCC_C_LANGUAGE_STANDARD = gnu11;
				GCC_NO_COMMON_BLOCKS = YES;
				GCC_WARN_64_TO_32_BIT_CONVERSION = YES;
				GCC_WARN_ABOUT_RETURN_TYPE = YES_ERROR;
				GCC_WARN_UNDECLARED_SELECTOR = YES;
				GCC_WARN_UNINITIALIZED_AUTOS = YES_AGGRESSIVE;
				GCC_WARN_UNUSED_FUNCTION = YES;
				GCC_WARN_UNUSED_VARIABLE = YES;
				IPHONEOS_DEPLOYMENT_TARGET = 16.2;
				MTL_ENABLE_DEBUG_INFO = NO;
				MTL_FAST_MATH = YES;
				SDKROOT = iphoneos;
				SWIFT_COMPILATION_MODE = wholemodule;
				SWIFT_OPTIMIZATION_LEVEL = "-O";
				VALIDATE_PRODUCT = YES;
			};
			name = Release;
		};
		5742469E2A287DD8008A3155 /* Debug */ = {
			isa = XCBuildConfiguration;
			buildSettings = {
				ASSETCATALOG_COMPILER_APPICON_NAME = AppIcon;
				ASSETCATALOG_COMPILER_GLOBAL_ACCENT_COLOR_NAME = AccentColor;
				CODE_SIGN_STYLE = Automatic;
				CURRENT_PROJECT_VERSION = 1;
				DEVELOPMENT_ASSET_PATHS = "\"JXCommonDemo/Preview Content\"";
				DEVELOPMENT_TEAM = TS52XMR55A;
				ENABLE_PREVIEWS = YES;
				GENERATE_INFOPLIST_FILE = YES;
				INFOPLIST_KEY_UIApplicationSceneManifest_Generation = YES;
				INFOPLIST_KEY_UIApplicationSupportsIndirectInputEvents = YES;
				INFOPLIST_KEY_UILaunchScreen_Generation = YES;
				INFOPLIST_KEY_UISupportedInterfaceOrientations_iPad = "UIInterfaceOrientationPortrait UIInterfaceOrientationPortraitUpsideDown UIInterfaceOrientationLandscapeLeft UIInterfaceOrientationLandscapeRight";
				INFOPLIST_KEY_UISupportedInterfaceOrientations_iPhone = "UIInterfaceOrientationPortrait UIInterfaceOrientationLandscapeLeft UIInterfaceOrientationLandscapeRight";
				LD_RUNPATH_SEARCH_PATHS = (
					"$(inherited)",
					"@executable_path/Frameworks",
				);
				MARKETING_VERSION = 1.0;
				PRODUCT_BUNDLE_IDENTIFIER = com.sjz.JXCommonDemo;
				PRODUCT_NAME = "$(TARGET_NAME)";
				SWIFT_EMIT_LOC_STRINGS = YES;
				SWIFT_VERSION = 5.0;
				TARGETED_DEVICE_FAMILY = "1,2";
			};
			name = Debug;
		};
		5742469F2A287DD8008A3155 /* Release */ = {
			isa = XCBuildConfiguration;
			buildSettings = {
				ASSETCATALOG_COMPILER_APPICON_NAME = AppIcon;
				ASSETCATALOG_COMPILER_GLOBAL_ACCENT_COLOR_NAME = AccentColor;
				CODE_SIGN_STYLE = Automatic;
				CURRENT_PROJECT_VERSION = 1;
				DEVELOPMENT_ASSET_PATHS = "\"JXCommonDemo/Preview Content\"";
				DEVELOPMENT_TEAM = TS52XMR55A;
				ENABLE_PREVIEWS = YES;
				GENERATE_INFOPLIST_FILE = YES;
				INFOPLIST_KEY_UIApplicationSceneManifest_Generation = YES;
				INFOPLIST_KEY_UIApplicationSupportsIndirectInputEvents = YES;
				INFOPLIST_KEY_UILaunchScreen_Generation = YES;
				INFOPLIST_KEY_UISupportedInterfaceOrientations_iPad = "UIInterfaceOrientationPortrait UIInterfaceOrientationPortraitUpsideDown UIInterfaceOrientationLandscapeLeft UIInterfaceOrientationLandscapeRight";
				INFOPLIST_KEY_UISupportedInterfaceOrientations_iPhone = "UIInterfaceOrientationPortrait UIInterfaceOrientationLandscapeLeft UIInterfaceOrientationLandscapeRight";
				LD_RUNPATH_SEARCH_PATHS = (
					"$(inherited)",
					"@executable_path/Frameworks",
				);
				MARKETING_VERSION = 1.0;
				PRODUCT_BUNDLE_IDENTIFIER = com.sjz.JXCommonDemo;
				PRODUCT_NAME = "$(TARGET_NAME)";
				SWIFT_EMIT_LOC_STRINGS = YES;
				SWIFT_VERSION = 5.0;
				TARGETED_DEVICE_FAMILY = "1,2";
			};
			name = Release;
		};
/* End XCBuildConfiguration section */

/* Begin XCConfigurationList section */
		5742468A2A287DD5008A3155 /* Build configuration list for PBXProject "JXCommonDemo" */ = {
			isa = XCConfigurationList;
			buildConfigurations = (
				5742469B2A287DD8008A3155 /* Debug */,
				5742469C2A287DD8008A3155 /* Release */,
			);
			defaultConfigurationIsVisible = 0;
			defaultConfigurationName = Release;
		};
		5742469D2A287DD8008A3155 /* Build configuration list for PBXNativeTarget "JXCommonDemo" */ = {
			isa = XCConfigurationList;
			buildConfigurations = (
				5742469E2A287DD8008A3155 /* Debug */,
				5742469F2A287DD8008A3155 /* Release */,
			);
			defaultConfigurationIsVisible = 0;
			defaultConfigurationName = Release;
		};
/* End XCConfigurationList section */
	};
	rootObject = 574246872A287DD4008A3155 /* Project object */;
}
